
Microsoft Visual Studio Solution File, Format Version 12.00
# Visual Studio Version 16
VisualStudioVersion = 16.0.30621.155
MinimumVisualStudioVersion = 10.0.40219.1
Project("{9A19103F-16F7-4668-BE54-9A1E7A4F7556}") = "api", "api\api.csproj", "{1D32DA3A-3BF7-4A58-AA58-8A0E1CD91FEB}"
EndProject
Project("{9A19103F-16F7-4668-BE54-9A1E7A4F7556}") = "framework", "framework\framework.csproj", "{459B49E8-8D2E-4FF9-8737-E1FC1470E042}"
EndProject
Project("{9A19103F-16F7-4668-BE54-9A1E7A4F7556}") = "data", "data\data.csproj", "{BF6AE748-2AB1-49B3-AE8B-6AFFF8A8F310}"
EndProject
Project("{9A19103F-16F7-4668-BE54-9A1E7A4F7556}") = "config", "config\config.csproj", "{A97571E1-F0E0-4A19-9628-00EED8BFA57C}"
EndProject
Project("{9A19103F-16F7-4668-BE54-9A1E7A4F7556}") = "messages", "messages\messages.csproj", "{BEEE83CE-7DD1-4369-BAC3-9E4F93B45DD6}"
EndProject
Project("{9A19103F-16F7-4668-BE54-9A1E7A4F7556}") = "Testes", "Testes\Testes.csproj", "{366AF514-0FC7-4609-8B7D-0960D8B59D9D}"
EndProject
Project("{9A19103F-16F7-4668-BE54-9A1E7A4F7556}") = "expo-server-sdk-dotnet", "expo-server-sdk-dotnet-master\src\expo-server-sdk-dotnet.csproj", "{2A418A21-DA3D-4550-921B-5FEA8CC5406D}"
EndProject
Project("{9A19103F-16F7-4668-BE54-9A1E7A4F7556}") = "setup", "setup\setup.csproj", "{A1AE2AFA-2D73-48A6-A0BC-1A6CDD64B69D}"
EndProject
Project("{9A19103F-16F7-4668-BE54-9A1E7A4F7556}") = "domain", "ojogodabolsa\domain.csproj", "{3CEBC964-6062-456F-A9F4-4AC136A8713A}"
EndProject
Project("{9A19103F-16F7-4668-BE54-9A1E7A4F7556}") = "stockapi", "stockapi\stockapi\stockapi.csproj", "{8B35A67B-8919-4279-B276-7E2942FFF3F3}"
EndProject
Global
	GlobalSection(SolutionConfigurationPlatforms) = preSolution
		Debug|Any CPU = Debug|Any CPU
		Debug|x64 = Debug|x64
		Debug|x86 = Debug|x86
		Release|Any CPU = Release|Any CPU
		Release|x64 = Release|x64
		Release|x86 = Release|x86
	EndGlobalSection
	GlobalSection(ProjectConfigurationPlatforms) = postSolution
		{1D32DA3A-3BF7-4A58-AA58-8A0E1CD91FEB}.Debug|Any CPU.ActiveCfg = Debug|Any CPU
		{1D32DA3A-3BF7-4A58-AA58-8A0E1CD91FEB}.Debug|Any CPU.Build.0 = Debug|Any CPU
		{1D32DA3A-3BF7-4A58-AA58-8A0E1CD91FEB}.Debug|x64.ActiveCfg = Debug|x64
		{1D32DA3A-3BF7-4A58-AA58-8A0E1CD91FEB}.Debug|x64.Build.0 = Debug|x64
		{1D32DA3A-3BF7-4A58-AA58-8A0E1CD91FEB}.Debug|x86.ActiveCfg = Debug|x86
		{1D32DA3A-3BF7-4A58-AA58-8A0E1CD91FEB}.Debug|x86.Build.0 = Debug|x86
		{1D32DA3A-3BF7-4A58-AA58-8A0E1CD91FEB}.Release|Any CPU.ActiveCfg = Release|Any CPU
		{1D32DA3A-3BF7-4A58-AA58-8A0E1CD91FEB}.Release|Any CPU.Build.0 = Release|Any CPU
		{1D32DA3A-3BF7-4A58-AA58-8A0E1CD91FEB}.Release|x64.ActiveCfg = Release|x64
		{1D32DA3A-3BF7-4A58-AA58-8A0E1CD91FEB}.Release|x64.Build.0 = Release|x64
		{1D32DA3A-3BF7-4A58-AA58-8A0E1CD91FEB}.Release|x86.ActiveCfg = Release|x86
		{1D32DA3A-3BF7-4A58-AA58-8A0E1CD91FEB}.Release|x86.Build.0 = Release|x86
		{459B49E8-8D2E-4FF9-8737-E1FC1470E042}.Debug|Any CPU.ActiveCfg = Debug|Any CPU
		{459B49E8-8D2E-4FF9-8737-E1FC1470E042}.Debug|Any CPU.Build.0 = Debug|Any CPU
		{459B49E8-8D2E-4FF9-8737-E1FC1470E042}.Debug|x64.ActiveCfg = Debug|x64
		{459B49E8-8D2E-4FF9-8737-E1FC1470E042}.Debug|x64.Build.0 = Debug|x64
		{459B49E8-8D2E-4FF9-8737-E1FC1470E042}.Debug|x86.ActiveCfg = Debug|x86
		{459B49E8-8D2E-4FF9-8737-E1FC1470E042}.Debug|x86.Build.0 = Debug|x86
		{459B49E8-8D2E-4FF9-8737-E1FC1470E042}.Release|Any CPU.ActiveCfg = Release|Any CPU
		{459B49E8-8D2E-4FF9-8737-E1FC1470E042}.Release|Any CPU.Build.0 = Release|Any CPU
		{459B49E8-8D2E-4FF9-8737-E1FC1470E042}.Release|x64.ActiveCfg = Release|x64
		{459B49E8-8D2E-4FF9-8737-E1FC1470E042}.Release|x64.Build.0 = Release|x64
		{459B49E8-8D2E-4FF9-8737-E1FC1470E042}.Release|x86.ActiveCfg = Release|x86
		{459B49E8-8D2E-4FF9-8737-E1FC1470E042}.Release|x86.Build.0 = Release|x86
		{BF6AE748-2AB1-49B3-AE8B-6AFFF8A8F310}.Debug|Any CPU.ActiveCfg = Debug|Any CPU
		{BF6AE748-2AB1-49B3-AE8B-6AFFF8A8F310}.Debug|Any CPU.Build.0 = Debug|Any CPU
		{BF6AE748-2AB1-49B3-AE8B-6AFFF8A8F310}.Debug|x64.ActiveCfg = Debug|x64
		{BF6AE748-2AB1-49B3-AE8B-6AFFF8A8F310}.Debug|x64.Build.0 = Debug|x64
		{BF6AE748-2AB1-49B3-AE8B-6AFFF8A8F310}.Debug|x86.ActiveCfg = Debug|x86
		{BF6AE748-2AB1-49B3-AE8B-6AFFF8A8F310}.Debug|x86.Build.0 = Debug|x86
		{BF6AE748-2AB1-49B3-AE8B-6AFFF8A8F310}.Release|Any CPU.ActiveCfg = Release|Any CPU
		{BF6AE748-2AB1-49B3-AE8B-6AFFF8A8F310}.Release|Any CPU.Build.0 = Release|Any CPU
		{BF6AE748-2AB1-49B3-AE8B-6AFFF8A8F310}.Release|x64.ActiveCfg = Release|x64
		{BF6AE748-2AB1-49B3-AE8B-6AFFF8A8F310}.Release|x64.Build.0 = Release|x64
		{BF6AE748-2AB1-49B3-AE8B-6AFFF8A8F310}.Release|x86.ActiveCfg = Release|x86
		{BF6AE748-2AB1-49B3-AE8B-6AFFF8A8F310}.Release|x86.Build.0 = Release|x86
		{A97571E1-F0E0-4A19-9628-00EED8BFA57C}.Debug|Any CPU.ActiveCfg = Debug|Any CPU
		{A97571E1-F0E0-4A19-9628-00EED8BFA57C}.Debug|Any CPU.Build.0 = Debug|Any CPU
		{A97571E1-F0E0-4A19-9628-00EED8BFA57C}.Debug|x64.ActiveCfg = Debug|x64
		{A97571E1-F0E0-4A19-9628-00EED8BFA57C}.Debug|x64.Build.0 = Debug|x64
		{A97571E1-F0E0-4A19-9628-00EED8BFA57C}.Debug|x86.ActiveCfg = Debug|x86
		{A97571E1-F0E0-4A19-9628-00EED8BFA57C}.Debug|x86.Build.0 = Debug|x86
		{A97571E1-F0E0-4A19-9628-00EED8BFA57C}.Release|Any CPU.ActiveCfg = Release|Any CPU
		{A97571E1-F0E0-4A19-9628-00EED8BFA57C}.Release|Any CPU.Build.0 = Release|Any CPU
		{A97571E1-F0E0-4A19-9628-00EED8BFA57C}.Release|x64.ActiveCfg = Release|x64
		{A97571E1-F0E0-4A19-9628-00EED8BFA57C}.Release|x64.Build.0 = Release|x64
		{A97571E1-F0E0-4A19-9628-00EED8BFA57C}.Release|x86.ActiveCfg = Release|x86
		{A97571E1-F0E0-4A19-9628-00EED8BFA57C}.Release|x86.Build.0 = Release|x86
		{BEEE83CE-7DD1-4369-BAC3-9E4F93B45DD6}.Debug|Any CPU.ActiveCfg = Debug|Any CPU
		{BEEE83CE-7DD1-4369-BAC3-9E4F93B45DD6}.Debug|Any CPU.Build.0 = Debug|Any CPU
		{BEEE83CE-7DD1-4369-BAC3-9E4F93B45DD6}.Debug|x64.ActiveCfg = Debug|x64
		{BEEE83CE-7DD1-4369-BAC3-9E4F93B45DD6}.Debug|x64.Build.0 = Debug|x64
		{BEEE83CE-7DD1-4369-BAC3-9E4F93B45DD6}.Debug|x86.ActiveCfg = Debug|x86
		{BEEE83CE-7DD1-4369-BAC3-9E4F93B45DD6}.Debug|x86.Build.0 = Debug|x86
		{BEEE83CE-7DD1-4369-BAC3-9E4F93B45DD6}.Release|Any CPU.ActiveCfg = Release|Any CPU
		{BEEE83CE-7DD1-4369-BAC3-9E4F93B45DD6}.Release|Any CPU.Build.0 = Release|Any CPU
		{BEEE83CE-7DD1-4369-BAC3-9E4F93B45DD6}.Release|x64.ActiveCfg = Release|x64
		{BEEE83CE-7DD1-4369-BAC3-9E4F93B45DD6}.Release|x64.Build.0 = Release|x64
		{BEEE83CE-7DD1-4369-BAC3-9E4F93B45DD6}.Release|x86.ActiveCfg = Release|x86
		{BEEE83CE-7DD1-4369-BAC3-9E4F93B45DD6}.Release|x86.Build.0 = Release|x86
		{366AF514-0FC7-4609-8B7D-0960D8B59D9D}.Debug|Any CPU.ActiveCfg = Debug|Any CPU
		{366AF514-0FC7-4609-8B7D-0960D8B59D9D}.Debug|Any CPU.Build.0 = Debug|Any CPU
		{366AF514-0FC7-4609-8B7D-0960D8B59D9D}.Debug|x64.ActiveCfg = Debug|Any CPU
		{366AF514-0FC7-4609-8B7D-0960D8B59D9D}.Debug|x64.Build.0 = Debug|Any CPU
		{366AF514-0FC7-4609-8B7D-0960D8B59D9D}.Debug|x86.ActiveCfg = Debug|Any CPU
		{366AF514-0FC7-4609-8B7D-0960D8B59D9D}.Debug|x86.Build.0 = Debug|Any CPU
		{366AF514-0FC7-4609-8B7D-0960D8B59D9D}.Release|Any CPU.ActiveCfg = Release|Any CPU
		{366AF514-0FC7-4609-8B7D-0960D8B59D9D}.Release|Any CPU.Build.0 = Release|Any CPU
		{366AF514-0FC7-4609-8B7D-0960D8B59D9D}.Release|x64.ActiveCfg = Release|Any CPU
		{366AF514-0FC7-4609-8B7D-0960D8B59D9D}.Release|x64.Build.0 = Release|Any CPU
		{366AF514-0FC7-4609-8B7D-0960D8B59D9D}.Release|x86.ActiveCfg = Release|Any CPU
		{366AF514-0FC7-4609-8B7D-0960D8B59D9D}.Release|x86.Build.0 = Release|Any CPU
		{2A418A21-DA3D-4550-921B-5FEA8CC5406D}.Debug|Any CPU.ActiveCfg = Debug|Any CPU
		{2A418A21-DA3D-4550-921B-5FEA8CC5406D}.Debug|Any CPU.Build.0 = Debug|Any CPU
		{2A418A21-DA3D-4550-921B-5FEA8CC5406D}.Debug|x64.ActiveCfg = Debug|Any CPU
		{2A418A21-DA3D-4550-921B-5FEA8CC5406D}.Debug|x64.Build.0 = Debug|Any CPU
		{2A418A21-DA3D-4550-921B-5FEA8CC5406D}.Debug|x86.ActiveCfg = Debug|Any CPU
		{2A418A21-DA3D-4550-921B-5FEA8CC5406D}.Debug|x86.Build.0 = Debug|Any CPU
		{2A418A21-DA3D-4550-921B-5FEA8CC5406D}.Release|Any CPU.ActiveCfg = Release|Any CPU
		{2A418A21-DA3D-4550-921B-5FEA8CC5406D}.Release|Any CPU.Build.0 = Release|Any CPU
		{2A418A21-DA3D-4550-921B-5FEA8CC5406D}.Release|x64.ActiveCfg = Release|Any CPU
		{2A418A21-DA3D-4550-921B-5FEA8CC5406D}.Release|x64.Build.0 = Release|Any CPU
		{2A418A21-DA3D-4550-921B-5FEA8CC5406D}.Release|x86.ActiveCfg = Release|Any CPU
		{2A418A21-DA3D-4550-921B-5FEA8CC5406D}.Release|x86.Build.0 = Release|Any CPU
		{A1AE2AFA-2D73-48A6-A0BC-1A6CDD64B69D}.Debug|Any CPU.ActiveCfg = Debug|Any CPU
		{A1AE2AFA-2D73-48A6-A0BC-1A6CDD64B69D}.Debug|Any CPU.Build.0 = Debug|Any CPU
		{A1AE2AFA-2D73-48A6-A0BC-1A6CDD64B69D}.Debug|x64.ActiveCfg = Debug|Any CPU
		{A1AE2AFA-2D73-48A6-A0BC-1A6CDD64B69D}.Debug|x64.Build.0 = Debug|Any CPU
		{A1AE2AFA-2D73-48A6-A0BC-1A6CDD64B69D}.Debug|x86.ActiveCfg = Debug|Any CPU
		{A1AE2AFA-2D73-48A6-A0BC-1A6CDD64B69D}.Debug|x86.Build.0 = Debug|Any CPU
		{A1AE2AFA-2D73-48A6-A0BC-1A6CDD64B69D}.Release|Any CPU.ActiveCfg = Release|Any CPU
		{A1AE2AFA-2D73-48A6-A0BC-1A6CDD64B69D}.Release|Any CPU.Build.0 = Release|Any CPU
		{A1AE2AFA-2D73-48A6-A0BC-1A6CDD64B69D}.Release|x64.ActiveCfg = Release|Any CPU
		{A1AE2AFA-2D73-48A6-A0BC-1A6CDD64B69D}.Release|x64.Build.0 = Release|Any CPU
		{A1AE2AFA-2D73-48A6-A0BC-1A6CDD64B69D}.Release|x86.ActiveCfg = Release|Any CPU
		{A1AE2AFA-2D73-48A6-A0BC-1A6CDD64B69D}.Release|x86.Build.0 = Release|Any CPU
		{3CEBC964-6062-456F-A9F4-4AC136A8713A}.Debug|Any CPU.ActiveCfg = Debug|Any CPU
		{3CEBC964-6062-456F-A9F4-4AC136A8713A}.Debug|Any CPU.Build.0 = Debug|Any CPU
		{3CEBC964-6062-456F-A9F4-4AC136A8713A}.Debug|x64.ActiveCfg = Debug|Any CPU
		{3CEBC964-6062-456F-A9F4-4AC136A8713A}.Debug|x64.Build.0 = Debug|Any CPU
		{3CEBC964-6062-456F-A9F4-4AC136A8713A}.Debug|x86.ActiveCfg = Debug|Any CPU
		{3CEBC964-6062-456F-A9F4-4AC136A8713A}.Debug|x86.Build.0 = Debug|Any CPU
		{3CEBC964-6062-456F-A9F4-4AC136A8713A}.Release|Any CPU.ActiveCfg = Release|Any CPU
		{3CEBC964-6062-456F-A9F4-4AC136A8713A}.Release|Any CPU.Build.0 = Release|Any CPU
		{3CEBC964-6062-456F-A9F4-4AC136A8713A}.Release|x64.ActiveCfg = Release|Any CPU
		{3CEBC964-6062-456F-A9F4-4AC136A8713A}.Release|x64.Build.0 = Release|Any CPU
		{3CEBC964-6062-456F-A9F4-4AC136A8713A}.Release|x86.ActiveCfg = Release|Any CPU
		{3CEBC964-6062-456F-A9F4-4AC136A8713A}.Release|x86.Build.0 = Release|Any CPU
		{8B35A67B-8919-4279-B276-7E2942FFF3F3}.Debug|Any CPU.ActiveCfg = Debug|Any CPU
		{8B35A67B-8919-4279-B276-7E2942FFF3F3}.Debug|Any CPU.Build.0 = Debug|Any CPU
		{8B35A67B-8919-4279-B276-7E2942FFF3F3}.Debug|x64.ActiveCfg = Debug|Any CPU
		{8B35A67B-8919-4279-B276-7E2942FFF3F3}.Debug|x64.Build.0 = Debug|Any CPU
		{8B35A67B-8919-4279-B276-7E2942FFF3F3}.Debug|x86.ActiveCfg = Debug|Any CPU
		{8B35A67B-8919-4279-B276-7E2942FFF3F3}.Debug|x86.Build.0 = Debug|Any CPU
		{8B35A67B-8919-4279-B276-7E2942FFF3F3}.Release|Any CPU.ActiveCfg = Release|Any CPU
		{8B35A67B-8919-4279-B276-7E2942FFF3F3}.Release|Any CPU.Build.0 = Release|Any CPU
		{8B35A67B-8919-4279-B276-7E2942FFF3F3}.Release|x64.ActiveCfg = Release|Any CPU
		{8B35A67B-8919-4279-B276-7E2942FFF3F3}.Release|x64.Build.0 = Release|Any CPU
		{8B35A67B-8919-4279-B276-7E2942FFF3F3}.Release|x86.ActiveCfg = Release|Any CPU
		{8B35A67B-8919-4279-B276-7E2942FFF3F3}.Release|x86.Build.0 = Release|Any CPU
	EndGlobalSection
	GlobalSection(SolutionProperties) = preSolution
		HideSolutionNode = FALSE
	EndGlobalSection
	GlobalSection(ExtensibilityGlobals) = postSolution
		SolutionGuid = {9C15F9DF-446B-4BE5-AF25-B57C0B1117BD}
	EndGlobalSection
EndGlobal
